
Microsoft Visual Studio Solution File, Format Version 12.00
# Visual Studio Version 17
VisualStudioVersion = 17.8.34330.188
MinimumVisualStudioVersion = 10.0.40219.1
Project("{9A19103F-16F7-4668-BE54-9A1E7A4F7556}") = "FullCart.API", "FullCart.API\FullCart.API.csproj", "{95F7C1C1-A48F-4EBF-B9DE-32A2C17ABA04}"
EndProject
Project("{FAE04EC0-301F-11D3-BF4B-00C04F79EFBC}") = "FullCart.Core", "FullCart.Core\FullCart.Core.csproj", "{5B3DF4AB-EDE7-4149-9DDD-2E67878F5AA2}"
EndProject
Project("{FAE04EC0-301F-11D3-BF4B-00C04F79EFBC}") = "FullCart.Infrastracture", "FullCart.Infrastracture\FullCart.Infrastracture.csproj", "{D0B05467-0496-42DA-80DF-708374F4058B}"
EndProject
Global
	GlobalSection(SolutionConfigurationPlatforms) = preSolution
		Debug|Any CPU = Debug|Any CPU
		Release|Any CPU = Release|Any CPU
	EndGlobalSection
	GlobalSection(ProjectConfigurationPlatforms) = postSolution
		{95F7C1C1-A48F-4EBF-B9DE-32A2C17ABA04}.Debug|Any CPU.ActiveCfg = Debug|Any CPU
		{95F7C1C1-A48F-4EBF-B9DE-32A2C17ABA04}.Debug|Any CPU.Build.0 = Debug|Any CPU
		{95F7C1C1-A48F-4EBF-B9DE-32A2C17ABA04}.Release|Any CPU.ActiveCfg = Release|Any CPU
		{95F7C1C1-A48F-4EBF-B9DE-32A2C17ABA04}.Release|Any CPU.Build.0 = Release|Any CPU
		{5B3DF4AB-EDE7-4149-9DDD-2E67878F5AA2}.Debug|Any CPU.ActiveCfg = Debug|Any CPU
		{5B3DF4AB-EDE7-4149-9DDD-2E67878F5AA2}.Debug|Any CPU.Build.0 = Debug|Any CPU
		{5B3DF4AB-EDE7-4149-9DDD-2E67878F5AA2}.Release|Any CPU.ActiveCfg = Release|Any CPU
		{5B3DF4AB-EDE7-4149-9DDD-2E67878F5AA2}.Release|Any CPU.Build.0 = Release|Any CPU
		{D0B05467-0496-42DA-80DF-708374F4058B}.Debug|Any CPU.ActiveCfg = Debug|Any CPU
		{D0B05467-0496-42DA-80DF-708374F4058B}.Debug|Any CPU.Build.0 = Debug|Any CPU
		{D0B05467-0496-42DA-80DF-708374F4058B}.Release|Any CPU.ActiveCfg = Release|Any CPU
		{D0B05467-0496-42DA-80DF-708374F4058B}.Release|Any CPU.Build.0 = Release|Any CPU
	EndGlobalSection
	GlobalSection(SolutionProperties) = preSolution
		HideSolutionNode = FALSE
	EndGlobalSection
	GlobalSection(ExtensibilityGlobals) = postSolution
		SolutionGuid = {70E5F767-12D1-4E51-A7EF-CC53CAC499A5}
	EndGlobalSection
EndGlobal
